PODS:
  - Alamofire (4.9.0)
  - SDWebImage (5.1.1):
    - SDWebImage/Core (= 5.1.1)
  - SDWebImage/Core (5.1.1)
  - SwiftyJSON (5.0.0)

DEPENDENCIES:
  - Alamofire
  - SDWebImage
  - SwiftyJSON

SPEC REPOS:
  https://github.com/cocoapods/specs.git:
    - Alamofire
    - SDWebImage
    - SwiftyJSON

SPEC CHECKSUMS:
  Alamofire: afc3e7c6db61476cb45cdd23fed06bad03bbc321
  SDWebImage: 96d7f03415ccb28d299d765f93557ff8a617abd8
  SwiftyJSON: 36413e04c44ee145039d332b4f4e2d3e8d6c4db7

PODFILE CHECKSUM: 7082c989715a07ffaa8023b859c42e2cadff3865

COCOAPODS: 1.5.2
