// !$*UTF8*$!
{
	archiveVersion = 1;
	classes = {
	};
	objectVersion = 50;
	objects = {

/* Begin PBXBuildFile section */
		086856ED23474E1B009DA07F /* AppDelegate.swift in Sources */ = {isa = PBXBuildFile; fileRef = 086856EC23474E1B009DA07F /* AppDelegate.swift */; };
		086856EF23474E1B009DA07F /* SceneDelegate.swift in Sources */ = {isa = PBXBuildFile; fileRef = 086856EE23474E1B009DA07F /* SceneDelegate.swift */; };
		086856F123474E1B009DA07F /* ViewController.swift in Sources */ = {isa = PBXBuildFile; fileRef = 086856F023474E1B009DA07F /* ViewController.swift */; };
		086856F423474E1B009DA07F /* Main.storyboard in Resources */ = {isa = PBXBuildFile; fileRef = 086856F223474E1B009DA07F /* Main.storyboard */; };
		086856F723474E1B009DA07F /* Kosmos.xcdatamodeld in Sources */ = {isa = PBXBuildFile; fileRef = 086856F523474E1B009DA07F /* Kosmos.xcdatamodeld */; };
		086856F923474E1D009DA07F /* Assets.xcassets in Resources */ = {isa = PBXBuildFile; fileRef = 086856F823474E1D009DA07F /* Assets.xcassets */; };
		086856FC23474E1D009DA07F /* LaunchScreen.storyboard in Resources */ = {isa = PBXBuildFile; fileRef = 086856FA23474E1D009DA07F /* LaunchScreen.storyboard */; };
		0868570723474E1D009DA07F /* KosmosTests.swift in Sources */ = {isa = PBXBuildFile; fileRef = 0868570623474E1D009DA07F /* KosmosTests.swift */; };
		0868571223474E1D009DA07F /* KosmosUITests.swift in Sources */ = {isa = PBXBuildFile; fileRef = 0868571123474E1D009DA07F /* KosmosUITests.swift */; };
		0868572123474FEC009DA07F /* Photo.swift in Sources */ = {isa = PBXBuildFile; fileRef = 0868572023474FEC009DA07F /* Photo.swift */; };
		086857232347521F009DA07F /* PhotoHistory.swift in Sources */ = {isa = PBXBuildFile; fileRef = 086857222347521F009DA07F /* PhotoHistory.swift */; };
		1CCF9480B0C80464DD21AAA6 /* Pods_Kosmos.framework in Frameworks */ = {isa = PBXBuildFile; fileRef = 74FB244085A9887676572ED0 /* Pods_Kosmos.framework */; };
		A7205637F3DC5688AF1F9223 /* Pods_KosmosTests.framework in Frameworks */ = {isa = PBXBuildFile; fileRef = 34D3639BE2BFC7C2848F38FE /* Pods_KosmosTests.framework */; };
		F678ABCB613DC9DA0E202584 /* Pods_KosmosUITests.framework in Frameworks */ = {isa = PBXBuildFile; fileRef = 32A023BFFD8B1E9F135187BE /* Pods_KosmosUITests.framework */; };
/* End PBXBuildFile section */

/* Begin PBXContainerItemProxy section */
		0868570323474E1D009DA07F /* PBXContainerItemProxy */ = {
			isa = PBXContainerItemProxy;
			containerPortal = 086856E123474E1B009DA07F /* Project object */;
			proxyType = 1;
			remoteGlobalIDString = 086856E823474E1B009DA07F;
			remoteInfo = Kosmos;
		};
		0868570E23474E1D009DA07F /* PBXContainerItemProxy */ = {
			isa = PBXContainerItemProxy;
			containerPortal = 086856E123474E1B009DA07F /* Project object */;
			proxyType = 1;
			remoteGlobalIDString = 086856E823474E1B009DA07F;
			remoteInfo = Kosmos;
		};
/* End PBXContainerItemProxy section */

/* Begin PBXFileReference section */
		086856E923474E1B009DA07F /* Kosmos.app */ = {isa = PBXFileReference; explicitFileType = wrapper.application; includeInIndex = 0; path = Kosmos.app; sourceTree = BUILT_PRODUCTS_DIR; };
		086856EC23474E1B009DA07F /* AppDelegate.swift */ = {isa = PBXFileReference; lastKnownFileType = sourcecode.swift; path = AppDelegate.swift; sourceTree = "<group>"; };
		086856EE23474E1B009DA07F /* SceneDelegate.swift */ = {isa = PBXFileReference; lastKnownFileType = sourcecode.swift; path = SceneDelegate.swift; sourceTree = "<group>"; };
		086856F023474E1B009DA07F /* ViewController.swift */ = {isa = PBXFileReference; lastKnownFileType = sourcecode.swift; path = ViewController.swift; sourceTree = "<group>"; };
		086856F323474E1B009DA07F /* Base */ = {isa = PBXFileReference; lastKnownFileType = file.storyboard; name = Base; path = Base.lproj/Main.storyboard; sourceTree = "<group>"; };
		086856F623474E1B009DA07F /* Kosmos.xcdatamodel */ = {isa = PBXFileReference; lastKnownFileType = wrapper.xcdatamodel; path = Kosmos.xcdatamodel; sourceTree = "<group>"; };
		086856F823474E1D009DA07F /* Assets.xcassets */ = {isa = PBXFileReference; lastKnownFileType = folder.assetcatalog; path = Assets.xcassets; sourceTree = "<group>"; };
		086856FB23474E1D009DA07F /* Base */ = {isa = PBXFileReference; lastKnownFileType = file.storyboard; name = Base; path = Base.lproj/LaunchScreen.storyboard; sourceTree = "<group>"; };
		086856FD23474E1D009DA07F /* Info.plist */ = {isa = PBXFileReference; lastKnownFileType = text.plist.xml; path = Info.plist; sourceTree = "<group>"; };
		0868570223474E1D009DA07F /* KosmosTests.xctest */ = {isa = PBXFileReference; explicitFileType = wrapper.cfbundle; includeInIndex = 0; path = KosmosTests.xctest; sourceTree = BUILT_PRODUCTS_DIR; };
		0868570623474E1D009DA07F /* KosmosTests.swift */ = {isa = PBXFileReference; lastKnownFileType = sourcecode.swift; path = KosmosTests.swift; sourceTree = "<group>"; };
		0868570823474E1D009DA07F /* Info.plist */ = {isa = PBXFileReference; lastKnownFileType = text.plist.xml; path = Info.plist; sourceTree = "<group>"; };
		0868570D23474E1D009DA07F /* KosmosUITests.xctest */ = {isa = PBXFileReference; explicitFileType = wrapper.cfbundle; includeInIndex = 0; path = KosmosUITests.xctest; sourceTree = BUILT_PRODUCTS_DIR; };
		0868571123474E1D009DA07F /* KosmosUITests.swift */ = {isa = PBXFileReference; lastKnownFileType = sourcecode.swift; path = KosmosUITests.swift; sourceTree = "<group>"; };
		0868571323474E1D009DA07F /* Info.plist */ = {isa = PBXFileReference; lastKnownFileType = text.plist.xml; path = Info.plist; sourceTree = "<group>"; };
		0868571F23474E25009DA07F /* Kosmos.entitlements */ = {isa = PBXFileReference; lastKnownFileType = text.plist.entitlements; path = Kosmos.entitlements; sourceTree = "<group>"; };
		0868572023474FEC009DA07F /* Photo.swift */ = {isa = PBXFileReference; lastKnownFileType = sourcecode.swift; path = Photo.swift; sourceTree = "<group>"; };
		086857222347521F009DA07F /* PhotoHistory.swift */ = {isa = PBXFileReference; lastKnownFileType = sourcecode.swift; path = PhotoHistory.swift; sourceTree = "<group>"; };
		113E837C9D4B701ED425089D /* Pods-Kosmos.debug.xcconfig */ = {isa = PBXFileReference; includeInIndex = 1; lastKnownFileType = text.xcconfig; name = "Pods-Kosmos.debug.xcconfig"; path = "Pods/Target Support Files/Pods-Kosmos/Pods-Kosmos.debug.xcconfig"; sourceTree = "<group>"; };
		32A023BFFD8B1E9F135187BE /* Pods_KosmosUITests.framework */ = {isa = PBXFileReference; explicitFileType = wrapper.framework; includeInIndex = 0; path = Pods_KosmosUITests.framework; sourceTree = BUILT_PRODUCTS_DIR; };
		34D3639BE2BFC7C2848F38FE /* Pods_KosmosTests.framework */ = {isa = PBXFileReference; explicitFileType = wrapper.framework; includeInIndex = 0; path = Pods_KosmosTests.framework; sourceTree = BUILT_PRODUCTS_DIR; };
		3DBD787CF5B401F734AFF134 /* Pods-KosmosTests.release.xcconfig */ = {isa = PBXFileReference; includeInIndex = 1; lastKnownFileType = text.xcconfig; name = "Pods-KosmosTests.release.xcconfig"; path = "Pods/Target Support Files/Pods-KosmosTests/Pods-KosmosTests.release.xcconfig"; sourceTree = "<group>"; };
		74FB244085A9887676572ED0 /* Pods_Kosmos.framework */ = {isa = PBXFileReference; explicitFileType = wrapper.framework; includeInIndex = 0; path = Pods_Kosmos.framework; sourceTree = BUILT_PRODUCTS_DIR; };
		B046DD77264711CD8D054507 /* Pods-Kosmos.release.xcconfig */ = {isa = PBXFileReference; includeInIndex = 1; lastKnownFileType = text.xcconfig; name = "Pods-Kosmos.release.xcconfig"; path = "Pods/Target Support Files/Pods-Kosmos/Pods-Kosmos.release.xcconfig"; sourceTree = "<group>"; };
		C9568C34B1C1D7CAB59B1144 /* Pods-KosmosUITests.debug.xcconfig */ = {isa = PBXFileReference; includeInIndex = 1; lastKnownFileType = text.xcconfig; name = "Pods-KosmosUITests.debug.xcconfig"; path = "Pods/Target Support Files/Pods-KosmosUITests/Pods-KosmosUITests.debug.xcconfig"; sourceTree = "<group>"; };
		D513AA6AC60E23FA6D1EC9EB /* Pods-KosmosUITests.release.xcconfig */ = {isa = PBXFileReference; includeInIndex = 1; lastKnownFileType = text.xcconfig; name = "Pods-KosmosUITests.release.xcconfig"; path = "Pods/Target Support Files/Pods-KosmosUITests/Pods-KosmosUITests.release.xcconfig"; sourceTree = "<group>"; };
		E4CF0B0D57960FE9A6EAA407 /* Pods-KosmosTests.debug.xcconfig */ = {isa = PBXFileReference; includeInIndex = 1; lastKnownFileType = text.xcconfig; name = "Pods-KosmosTests.debug.xcconfig"; path = "Pods/Target Support Files/Pods-KosmosTests/Pods-KosmosTests.debug.xcconfig"; sourceTree = "<group>"; };
/* End PBXFileReference section */

/* Begin PBXFrameworksBuildPhase section */
		086856E623474E1B009DA07F /* Frameworks */ = {
			isa = PBXFrameworksBuildPhase;
			buildActionMask = 2147483647;
			files = (
				1CCF9480B0C80464DD21AAA6 /* Pods_Kosmos.framework in Frameworks */,
			);
			runOnlyForDeploymentPostprocessing = 0;
		};
		086856FF23474E1D009DA07F /* Frameworks */ = {
			isa = PBXFrameworksBuildPhase;
			buildActionMask = 2147483647;
			files = (
				A7205637F3DC5688AF1F9223 /* Pods_KosmosTests.framework in Frameworks */,
			);
			runOnlyForDeploymentPostprocessing = 0;
		};
		0868570A23474E1D009DA07F /* Frameworks */ = {
			isa = PBXFrameworksBuildPhase;
			buildActionMask = 2147483647;
			files = (
				F678ABCB613DC9DA0E202584 /* Pods_KosmosUITests.framework in Frameworks */,
			);
			runOnlyForDeploymentPostprocessing = 0;
		};
/* End PBXFrameworksBuildPhase section */

/* Begin PBXGroup section */
		086856E023474E1B009DA07F = {
			isa = PBXGroup;
			children = (
				086856EB23474E1B009DA07F /* Kosmos */,
				0868570523474E1D009DA07F /* KosmosTests */,
				0868571023474E1D009DA07F /* KosmosUITests */,
				086856EA23474E1B009DA07F /* Products */,
				FFB8662EF68A9D823B61EF06 /* Pods */,
				B29AC8820CCB25558C31BAD4 /* Frameworks */,
			);
			sourceTree = "<group>";
		};
		086856EA23474E1B009DA07F /* Products */ = {
			isa = PBXGroup;
			children = (
				086856E923474E1B009DA07F /* Kosmos.app */,
				0868570223474E1D009DA07F /* KosmosTests.xctest */,
				0868570D23474E1D009DA07F /* KosmosUITests.xctest */,
			);
			name = Products;
			sourceTree = "<group>";
		};
		086856EB23474E1B009DA07F /* Kosmos */ = {
			isa = PBXGroup;
			children = (
				0868571F23474E25009DA07F /* Kosmos.entitlements */,
				086856EC23474E1B009DA07F /* AppDelegate.swift */,
				086856EE23474E1B009DA07F /* SceneDelegate.swift */,
				0868572023474FEC009DA07F /* Photo.swift */,
				086857222347521F009DA07F /* PhotoHistory.swift */,
				086856F023474E1B009DA07F /* ViewController.swift */,
				086856F223474E1B009DA07F /* Main.storyboard */,
				086856F823474E1D009DA07F /* Assets.xcassets */,
				086856FA23474E1D009DA07F /* LaunchScreen.storyboard */,
				086856FD23474E1D009DA07F /* Info.plist */,
				086856F523474E1B009DA07F /* Kosmos.xcdatamodeld */,
			);
			path = Kosmos;
			sourceTree = "<group>";
		};
		0868570523474E1D009DA07F /* KosmosTests */ = {
			isa = PBXGroup;
			children = (
				0868570623474E1D009DA07F /* KosmosTests.swift */,
				0868570823474E1D009DA07F /* Info.plist */,
			);
			path = KosmosTests;
			sourceTree = "<group>";
		};
		0868571023474E1D009DA07F /* KosmosUITests */ = {
			isa = PBXGroup;
			children = (
				0868571123474E1D009DA07F /* KosmosUITests.swift */,
				0868571323474E1D009DA07F /* Info.plist */,
			);
			path = KosmosUITests;
			sourceTree = "<group>";
		};
		B29AC8820CCB25558C31BAD4 /* Frameworks */ = {
			isa = PBXGroup;
			children = (
				74FB244085A9887676572ED0 /* Pods_Kosmos.framework */,
				34D3639BE2BFC7C2848F38FE /* Pods_KosmosTests.framework */,
				32A023BFFD8B1E9F135187BE /* Pods_KosmosUITests.framework */,
			);
			name = Frameworks;
			sourceTree = "<group>";
		};
		FFB8662EF68A9D823B61EF06 /* Pods */ = {
			isa = PBXGroup;
			children = (
				113E837C9D4B701ED425089D /* Pods-Kosmos.debug.xcconfig */,
				B046DD77264711CD8D054507 /* Pods-Kosmos.release.xcconfig */,
				E4CF0B0D57960FE9A6EAA407 /* Pods-KosmosTests.debug.xcconfig */,
				3DBD787CF5B401F734AFF134 /* Pods-KosmosTests.release.xcconfig */,
				C9568C34B1C1D7CAB59B1144 /* Pods-KosmosUITests.debug.xcconfig */,
				D513AA6AC60E23FA6D1EC9EB /* Pods-KosmosUITests.release.xcconfig */,
			);
			name = Pods;
			sourceTree = "<group>";
		};
/* End PBXGroup section */

/* Begin PBXNativeTarget section */
		086856E823474E1B009DA07F /* Kosmos */ = {
			isa = PBXNativeTarget;
			buildConfigurationList = 0868571623474E1D009DA07F /* Build configuration list for PBXNativeTarget "Kosmos" */;
			buildPhases = (
				D4C4E6F81DE2D5F6E1A5EB0B /* [CP] Check Pods Manifest.lock */,
				086856E523474E1B009DA07F /* Sources */,
				086856E623474E1B009DA07F /* Frameworks */,
				086856E723474E1B009DA07F /* Resources */,
				10764E0C0CD555229EA5FF0D /* [CP] Embed Pods Frameworks */,
			);
			buildRules = (
			);
			dependencies = (
			);
			name = Kosmos;
			productName = Kosmos;
			productReference = 086856E923474E1B009DA07F /* Kosmos.app */;
			productType = "com.apple.product-type.application";
		};
		0868570123474E1D009DA07F /* KosmosTests */ = {
			isa = PBXNativeTarget;
			buildConfigurationList = 0868571923474E1D009DA07F /* Build configuration list for PBXNativeTarget "KosmosTests" */;
			buildPhases = (
				56D4D16C7B3C49280B76FC6C /* [CP] Check Pods Manifest.lock */,
				086856FE23474E1D009DA07F /* Sources */,
				086856FF23474E1D009DA07F /* Frameworks */,
				0868570023474E1D009DA07F /* Resources */,
			);
			buildRules = (
			);
			dependencies = (
				0868570423474E1D009DA07F /* PBXTargetDependency */,
			);
			name = KosmosTests;
			productName = KosmosTests;
			productReference = 0868570223474E1D009DA07F /* KosmosTests.xctest */;
			productType = "com.apple.product-type.bundle.unit-test";
		};
		0868570C23474E1D009DA07F /* KosmosUITests */ = {
			isa = PBXNativeTarget;
			buildConfigurationList = 0868571C23474E1D009DA07F /* Build configuration list for PBXNativeTarget "KosmosUITests" */;
			buildPhases = (
				795E3E1DFF28A0514533282C /* [CP] Check Pods Manifest.lock */,
				0868570923474E1D009DA07F /* Sources */,
				0868570A23474E1D009DA07F /* Frameworks */,
				0868570B23474E1D009DA07F /* Resources */,
			);
			buildRules = (
			);
			dependencies = (
				0868570F23474E1D009DA07F /* PBXTargetDependency */,
			);
			name = KosmosUITests;
			productName = KosmosUITests;
			productReference = 0868570D23474E1D009DA07F /* KosmosUITests.xctest */;
			productType = "com.apple.product-type.bundle.ui-testing";
		};
/* End PBXNativeTarget section */

/* Begin PBXProject section */
		086856E123474E1B009DA07F /* Project object */ = {
			isa = PBXProject;
			attributes = {
				LastSwiftUpdateCheck = 1100;
				LastUpgradeCheck = 1100;
				ORGANIZATIONNAME = "Emir SARI";
				TargetAttributes = {
					086856E823474E1B009DA07F = {
						CreatedOnToolsVersion = 11.0;
					};
					0868570123474E1D009DA07F = {
						CreatedOnToolsVersion = 11.0;
						TestTargetID = 086856E823474E1B009DA07F;
					};
					0868570C23474E1D009DA07F = {
						CreatedOnToolsVersion = 11.0;
						TestTargetID = 086856E823474E1B009DA07F;
					};
				};
			};
			buildConfigurationList = 086856E423474E1B009DA07F /* Build configuration list for PBXProject "Kosmos" */;
			compatibilityVersion = "Xcode 9.3";
			developmentRegion = en;
			hasScannedForEncodings = 0;
			knownRegions = (
				en,
				Base,
			);
			mainGroup = 086856E023474E1B009DA07F;
			productRefGroup = 086856EA23474E1B009DA07F /* Products */;
			projectDirPath = "";
			projectRoot = "";
			targets = (
				086856E823474E1B009DA07F /* Kosmos */,
				0868570123474E1D009DA07F /* KosmosTests */,
				0868570C23474E1D009DA07F /* KosmosUITests */,
			);
		};
/* End PBXProject section */

/* Begin PBXResourcesBuildPhase section */
		086856E723474E1B009DA07F /* Resources */ = {
			isa = PBXResourcesBuildPhase;
			buildActionMask = 2147483647;
			files = (
				086856FC23474E1D009DA07F /* LaunchScreen.storyboard in Resources */,
				086856F923474E1D009DA07F /* Assets.xcassets in Resources */,
				086856F423474E1B009DA07F /* Main.storyboard in Resources */,
			);
			runOnlyForDeploymentPostprocessing = 0;
		};
		0868570023474E1D009DA07F /* Resources */ = {
			isa = PBXResourcesBuildPhase;
			buildActionMask = 2147483647;
			files = (
			);
			runOnlyForDeploymentPostprocessing = 0;
		};
		0868570B23474E1D009DA07F /* Resources */ = {
			isa = PBXResourcesBuildPhase;
			buildActionMask = 2147483647;
			files = (
			);
			runOnlyForDeploymentPostprocessing = 0;
		};
/* End PBXResourcesBuildPhase section */

/* Begin PBXShellScriptBuildPhase section */
		10764E0C0CD555229EA5FF0D /* [CP] Embed Pods Frameworks */ = {
			isa = PBXShellScriptBuildPhase;
			buildActionMask = 2147483647;
			files = (
			);
			inputPaths = (
				"${SRCROOT}/Pods/Target Support Files/Pods-Kosmos/Pods-Kosmos-frameworks.sh",
				"${BUILT_PRODUCTS_DIR}/Alamofire/Alamofire.framework",
				"${BUILT_PRODUCTS_DIR}/SDWebImage/SDWebImage.framework",
				"${BUILT_PRODUCTS_DIR}/SwiftyJSON/SwiftyJSON.framework",
			);
			name = "[CP] Embed Pods Frameworks";
			outputPaths = (
				"${TARGET_BUILD_DIR}/${FRAMEWORKS_FOLDER_PATH}/Alamofire.framework",
				"${TARGET_BUILD_DIR}/${FRAMEWORKS_FOLDER_PATH}/SDWebImage.framework",
				"${TARGET_BUILD_DIR}/${FRAMEWORKS_FOLDER_PATH}/SwiftyJSON.framework",
			);
			runOnlyForDeploymentPostprocessing = 0;
			shellPath = /bin/sh;
			shellScript = "\"${SRCROOT}/Pods/Target Support Files/Pods-Kosmos/Pods-Kosmos-frameworks.sh\"\n";
			showEnvVarsInLog = 0;
		};
		56D4D16C7B3C49280B76FC6C /* [CP] Check Pods Manifest.lock */ = {
			isa = PBXShellScriptBuildPhase;
			buildActionMask = 2147483647;
			files = (
			);
			inputPaths = (
				"${PODS_PODFILE_DIR_PATH}/Podfile.lock",
				"${PODS_ROOT}/Manifest.lock",
			);
			name = "[CP] Check Pods Manifest.lock";
			outputPaths = (
				"$(DERIVED_FILE_DIR)/Pods-KosmosTests-checkManifestLockResult.txt",
			);
			runOnlyForDeploymentPostprocessing = 0;
			shellPath = /bin/sh;
			shellScript = "diff \"${PODS_PODFILE_DIR_PATH}/Podfile.lock\" \"${PODS_ROOT}/Manifest.lock\" > /dev/null\nif [ $? != 0 ] ; then\n    # print error to STDERR\n    echo \"error: The sandbox is not in sync with the Podfile.lock. Run 'pod install' or update your CocoaPods installation.\" >&2\n    exit 1\nfi\n# This output is used by Xcode 'outputs' to avoid re-running this script phase.\necho \"SUCCESS\" > \"${SCRIPT_OUTPUT_FILE_0}\"\n";
			showEnvVarsInLog = 0;
		};
		795E3E1DFF28A0514533282C /* [CP] Check Pods Manifest.lock */ = {
			isa = PBXShellScriptBuildPhase;
			buildActionMask = 2147483647;
			files = (
			);
			inputPaths = (
				"${PODS_PODFILE_DIR_PATH}/Podfile.lock",
				"${PODS_ROOT}/Manifest.lock",
			);
			name = "[CP] Check Pods Manifest.lock";
			outputPaths = (
				"$(DERIVED_FILE_DIR)/Pods-KosmosUITests-checkManifestLockResult.txt",
			);
			runOnlyForDeploymentPostprocessing = 0;
			shellPath = /bin/sh;
			shellScript = "diff \"${PODS_PODFILE_DIR_PATH}/Podfile.lock\" \"${PODS_ROOT}/Manifest.lock\" > /dev/null\nif [ $? != 0 ] ; then\n    # print error to STDERR\n    echo \"error: The sandbox is not in sync with the Podfile.lock. Run 'pod install' or update your CocoaPods installation.\" >&2\n    exit 1\nfi\n# This output is used by Xcode 'outputs' to avoid re-running this script phase.\necho \"SUCCESS\" > \"${SCRIPT_OUTPUT_FILE_0}\"\n";
			showEnvVarsInLog = 0;
		};
		D4C4E6F81DE2D5F6E1A5EB0B /* [CP] Check Pods Manifest.lock */ = {
			isa = PBXShellScriptBuildPhase;
			buildActionMask = 2147483647;
			files = (
			);
			inputPaths = (
				"${PODS_PODFILE_DIR_PATH}/Podfile.lock",
				"${PODS_ROOT}/Manifest.lock",
			);
			name = "[CP] Check Pods Manifest.lock";
			outputPaths = (
				"$(DERIVED_FILE_DIR)/Pods-Kosmos-checkManifestLockResult.txt",
			);
			runOnlyForDeploymentPostprocessing = 0;
			shellPath = /bin/sh;
			shellScript = "diff \"${PODS_PODFILE_DIR_PATH}/Podfile.lock\" \"${PODS_ROOT}/Manifest.lock\" > /dev/null\nif [ $? != 0 ] ; then\n    # print error to STDERR\n    echo \"error: The sandbox is not in sync with the Podfile.lock. Run 'pod install' or update your CocoaPods installation.\" >&2\n    exit 1\nfi\n# This output is used by Xcode 'outputs' to avoid re-running this script phase.\necho \"SUCCESS\" > \"${SCRIPT_OUTPUT_FILE_0}\"\n";
			showEnvVarsInLog = 0;
		};
/* End PBXShellScriptBuildPhase section */

/* Begin PBXSourcesBuildPhase section */
		086856E523474E1B009DA07F /* Sources */ = {
			isa = PBXSourcesBuildPhase;
			buildActionMask = 2147483647;
			files = (
				086856F123474E1B009DA07F /* ViewController.swift in Sources */,
				086856ED23474E1B009DA07F /* AppDelegate.swift in Sources */,
				086856EF23474E1B009DA07F /* SceneDelegate.swift in Sources */,
				086856F723474E1B009DA07F /* Kosmos.xcdatamodeld in Sources */,
				0868572123474FEC009DA07F /* Photo.swift in Sources */,
				086857232347521F009DA07F /* PhotoHistory.swift in Sources */,
			);
			runOnlyForDeploymentPostprocessing = 0;
		};
		086856FE23474E1D009DA07F /* Sources */ = {
			isa = PBXSourcesBuildPhase;
			buildActionMask = 2147483647;
			files = (
				0868570723474E1D009DA07F /* KosmosTests.swift in Sources */,
			);
			runOnlyForDeploymentPostprocessing = 0;
		};
		0868570923474E1D009DA07F /* Sources */ = {
			isa = PBXSourcesBuildPhase;
			buildActionMask = 2147483647;
			files = (
				0868571223474E1D009DA07F /* KosmosUITests.swift in Sources */,
			);
			runOnlyForDeploymentPostprocessing = 0;
		};
/* End PBXSourcesBuildPhase section */

/* Begin PBXTargetDependency section */
		0868570423474E1D009DA07F /* PBXTargetDependency */ = {
			isa = PBXTargetDependency;
			target = 086856E823474E1B009DA07F /* Kosmos */;
			targetProxy = 0868570323474E1D009DA07F /* PBXContainerItemProxy */;
		};
		0868570F23474E1D009DA07F /* PBXTargetDependency */ = {
			isa = PBXTargetDependency;
			target = 086856E823474E1B009DA07F /* Kosmos */;
			targetProxy = 0868570E23474E1D009DA07F /* PBXContainerItemProxy */;
		};
/* End PBXTargetDependency section */

/* Begin PBXVariantGroup section */
		086856F223474E1B009DA07F /* Main.storyboard */ = {
			isa = PBXVariantGroup;
			children = (
				086856F323474E1B009DA07F /* Base */,
			);
			name = Main.storyboard;
			sourceTree = "<group>";
		};
		086856FA23474E1D009DA07F /* LaunchScreen.storyboard */ = {
			isa = PBXVariantGroup;
			children = (
				086856FB23474E1D009DA07F /* Base */,
			);
			name = LaunchScreen.storyboard;
			sourceTree = "<group>";
		};
/* End PBXVariantGroup section */

/* Begin XCBuildConfiguration section */
		0868571423474E1D009DA07F /* Debug */ = {
			isa = XCBuildConfiguration;
			buildSettings = {
				ALWAYS_SEARCH_USER_PATHS = NO;
				CLANG_ANALYZER_NONNULL = YES;
				CLANG_ANALYZER_NUMBER_OBJECT_CONVERSION = YES_AGGRESSIVE;
				CLANG_CXX_LANGUAGE_STANDARD = "gnu++14";
				CLANG_CXX_LIBRARY = "libc++";
				CLANG_ENABLE_MODULES = YES;
				CLANG_ENABLE_OBJC_ARC = YES;
				CLANG_ENABLE_OBJC_WEAK = YES;
				CLANG_WARN_BLOCK_CAPTURE_AUTORELEASING = YES;
				CLANG_WARN_BOOL_CONVERSION = YES;
				CLANG_WARN_COMMA = YES;
				CLANG_WARN_CONSTANT_CONVERSION = YES;
				CLANG_WARN_DEPRECATED_OBJC_IMPLEMENTATIONS = YES;
				CLANG_WARN_DIRECT_OBJC_ISA_USAGE = YES_ERROR;
				CLANG_WARN_DOCUMENTATION_COMMENTS = YES;
				CLANG_WARN_EMPTY_BODY = YES;
				CLANG_WARN_ENUM_CONVERSION = YES;
				CLANG_WARN_INFINITE_RECURSION = YES;
				CLANG_WARN_INT_CONVERSION = YES;
				CLANG_WARN_NON_LITERAL_NULL_CONVERSION = YES;
				CLANG_WARN_OBJC_IMPLICIT_RETAIN_SELF = YES;
				CLANG_WARN_OBJC_LITERAL_CONVERSION = YES;
				CLANG_WARN_OBJC_ROOT_CLASS = YES_ERROR;
				CLANG_WARN_RANGE_LOOP_ANALYSIS = YES;
				CLANG_WARN_STRICT_PROTOTYPES = YES;
				CLANG_WARN_SUSPICIOUS_MOVE = YES;
				CLANG_WARN_UNGUARDED_AVAILABILITY = YES_AGGRESSIVE;
				CLANG_WARN_UNREACHABLE_CODE = YES;
				CLANG_WARN__DUPLICATE_METHOD_MATCH = YES;
				COPY_PHASE_STRIP = NO;
				DEBUG_INFORMATION_FORMAT = dwarf;
				ENABLE_STRICT_OBJC_MSGSEND = YES;
				ENABLE_TESTABILITY = YES;
				GCC_C_LANGUAGE_STANDARD = gnu11;
				GCC_DYNAMIC_NO_PIC = NO;
				GCC_NO_COMMON_BLOCKS = YES;
				GCC_OPTIMIZATION_LEVEL = 0;
				GCC_PREPROCESSOR_DEFINITIONS = (
					"DEBUG=1",
					"$(inherited)",
				);
				GCC_WARN_64_TO_32_BIT_CONVERSION = YES;
				GCC_WARN_ABOUT_RETURN_TYPE = YES_ERROR;
				GCC_WARN_UNDECLARED_SELECTOR = YES;
				GCC_WARN_UNINITIALIZED_AUTOS = YES_AGGRESSIVE;
				GCC_WARN_UNUSED_FUNCTION = YES;
				GCC_WARN_UNUSED_VARIABLE = YES;
				IPHONEOS_DEPLOYMENT_TARGET = 13.0;
				MTL_ENABLE_DEBUG_INFO = INCLUDE_SOURCE;
				MTL_FAST_MATH = YES;
				ONLY_ACTIVE_ARCH = YES;
				SDKROOT = iphoneos;
				SWIFT_ACTIVE_COMPILATION_CONDITIONS = DEBUG;
				SWIFT_OPTIMIZATION_LEVEL = "-Onone";
			};
			name = Debug;
		};
		0868571523474E1D009DA07F /* Release */ = {
			isa = XCBuildConfiguration;
			buildSettings = {
				ALWAYS_SEARCH_USER_PATHS = NO;
				CLANG_ANALYZER_NONNULL = YES;
				CLANG_ANALYZER_NUMBER_OBJECT_CONVERSION = YES_AGGRESSIVE;
				CLANG_CXX_LANGUAGE_STANDARD = "gnu++14";
				CLANG_CXX_LIBRARY = "libc++";
				CLANG_ENABLE_MODULES = YES;
				CLANG_ENABLE_OBJC_ARC = YES;
				CLANG_ENABLE_OBJC_WEAK = YES;
				CLANG_WARN_BLOCK_CAPTURE_AUTORELEASING = YES;
				CLANG_WARN_BOOL_CONVERSION = YES;
				CLANG_WARN_COMMA = YES;
				CLANG_WARN_CONSTANT_CONVERSION = YES;
				CLANG_WARN_DEPRECATED_OBJC_IMPLEMENTATIONS = YES;
				CLANG_WARN_DIRECT_OBJC_ISA_USAGE = YES_ERROR;
				CLANG_WARN_DOCUMENTATION_COMMENTS = YES;
				CLANG_WARN_EMPTY_BODY = YES;
				CLANG_WARN_ENUM_CONVERSION = YES;
				CLANG_WARN_INFINITE_RECURSION = YES;
				CLANG_WARN_INT_CONVERSION = YES;
				CLANG_WARN_NON_LITERAL_NULL_CONVERSION = YES;
				CLANG_WARN_OBJC_IMPLICIT_RETAIN_SELF = YES;
				CLANG_WARN_OBJC_LITERAL_CONVERSION = YES;
				CLANG_WARN_OBJC_ROOT_CLASS = YES_ERROR;
				CLANG_WARN_RANGE_LOOP_ANALYSIS = YES;
				CLANG_WARN_STRICT_PROTOTYPES = YES;
				CLANG_WARN_SUSPICIOUS_MOVE = YES;
				CLANG_WARN_UNGUARDED_AVAILABILITY = YES_AGGRESSIVE;
				CLANG_WARN_UNREACHABLE_CODE = YES;
				CLANG_WARN__DUPLICATE_METHOD_MATCH = YES;
				COPY_PHASE_STRIP = NO;
				DEBUG_INFORMATION_FORMAT = "dwarf-with-dsym";
				ENABLE_NS_ASSERTIONS = NO;
				ENABLE_STRICT_OBJC_MSGSEND = YES;
				GCC_C_LANGUAGE_STANDARD = gnu11;
				GCC_NO_COMMON_BLOCKS = YES;
				GCC_WARN_64_TO_32_BIT_CONVERSION = YES;
				GCC_WARN_ABOUT_RETURN_TYPE = YES_ERROR;
				GCC_WARN_UNDECLARED_SELECTOR = YES;
				GCC_WARN_UNINITIALIZED_AUTOS = YES_AGGRESSIVE;
				GCC_WARN_UNUSED_FUNCTION = YES;
				GCC_WARN_UNUSED_VARIABLE = YES;
				IPHONEOS_DEPLOYMENT_TARGET = 13.0;
				MTL_ENABLE_DEBUG_INFO = NO;
				MTL_FAST_MATH = YES;
				SDKROOT = iphoneos;
				SWIFT_COMPILATION_MODE = wholemodule;
				SWIFT_OPTIMIZATION_LEVEL = "-O";
				VALIDATE_PRODUCT = YES;
			};
			name = Release;
		};
		0868571723474E1D009DA07F /* Debug */ = {
			isa = XCBuildConfiguration;
			baseConfigurationReference = 113E837C9D4B701ED425089D /* Pods-Kosmos.debug.xcconfig */;
			buildSettings = {
				ASSETCATALOG_COMPILER_APPICON_NAME = AppIcon;
				CODE_SIGN_ENTITLEMENTS = Kosmos/Kosmos.entitlements;
				CODE_SIGN_STYLE = Automatic;
				DERIVE_MACCATALYST_PRODUCT_BUNDLE_IDENTIFIER = YES;
				DEVELOPMENT_TEAM = D4YF34WLDG;
				INFOPLIST_FILE = Kosmos/Info.plist;
				LD_RUNPATH_SEARCH_PATHS = (
					"$(inherited)",
					"@executable_path/Frameworks",
				);
				PRODUCT_BUNDLE_IDENTIFIER = com.bitigchi.Kosmos;
				PRODUCT_NAME = "$(TARGET_NAME)";
				SUPPORTS_MACCATALYST = YES;
				SWIFT_VERSION = 5.0;
				TARGETED_DEVICE_FAMILY = "1,2";
			};
			name = Debug;
		};
		0868571823474E1D009DA07F /* Release */ = {
			isa = XCBuildConfiguration;
			baseConfigurationReference = B046DD77264711CD8D054507 /* Pods-Kosmos.release.xcconfig */;
			buildSettings = {
				ASSETCATALOG_COMPILER_APPICON_NAME = AppIcon;
				CODE_SIGN_ENTITLEMENTS = Kosmos/Kosmos.entitlements;
				CODE_SIGN_STYLE = Automatic;
				DERIVE_MACCATALYST_PRODUCT_BUNDLE_IDENTIFIER = YES;
				DEVELOPMENT_TEAM = D4YF34WLDG;
				INFOPLIST_FILE = Kosmos/Info.plist;
				LD_RUNPATH_SEARCH_PATHS = (
					"$(inherited)",
					"@executable_path/Frameworks",
				);
				PRODUCT_BUNDLE_IDENTIFIER = com.bitigchi.Kosmos;
				PRODUCT_NAME = "$(TARGET_NAME)";
				SUPPORTS_MACCATALYST = YES;
				SWIFT_VERSION = 5.0;
				TARGETED_DEVICE_FAMILY = "1,2";
			};
			name = Release;
		};
		0868571A23474E1D009DA07F /* Debug */ = {
			isa = XCBuildConfiguration;
			baseConfigurationReference = E4CF0B0D57960FE9A6EAA407 /* Pods-KosmosTests.debug.xcconfig */;
			buildSettings = {
				ALWAYS_EMBED_SWIFT_STANDARD_LIBRARIES = YES;
				BUNDLE_LOADER = "$(TEST_HOST)";
				CODE_SIGN_STYLE = Automatic;
				DEVELOPMENT_TEAM = D4YF34WLDG;
				INFOPLIST_FILE = KosmosTests/Info.plist;
				IPHONEOS_DEPLOYMENT_TARGET = 13.0;
				LD_RUNPATH_SEARCH_PATHS = (
					"$(inherited)",
					"@executable_path/Frameworks",
					"@loader_path/Frameworks",
				);
				PRODUCT_BUNDLE_IDENTIFIER = com.bitigchi.KosmosTests;
				PRODUCT_NAME = "$(TARGET_NAME)";
				SWIFT_VERSION = 5.0;
				TARGETED_DEVICE_FAMILY = "1,2";
				TEST_HOST = "$(BUILT_PRODUCTS_DIR)/Kosmos.app/Kosmos";
			};
			name = Debug;
		};
		0868571B23474E1D009DA07F /* Release */ = {
			isa = XCBuildConfiguration;
			baseConfigurationReference = 3DBD787CF5B401F734AFF134 /* Pods-KosmosTests.release.xcconfig */;
			buildSettings = {
				ALWAYS_EMBED_SWIFT_STANDARD_LIBRARIES = YES;
				BUNDLE_LOADER = "$(TEST_HOST)";
				CODE_SIGN_STYLE = Automatic;
				DEVELOPMENT_TEAM = D4YF34WLDG;
				INFOPLIST_FILE = KosmosTests/Info.plist;
				IPHONEOS_DEPLOYMENT_TARGET = 13.0;
				LD_RUNPATH_SEARCH_PATHS = (
					"$(inherited)",
					"@executable_path/Frameworks",
					"@loader_path/Frameworks",
				);
				PRODUCT_BUNDLE_IDENTIFIER = com.bitigchi.KosmosTests;
				PRODUCT_NAME = "$(TARGET_NAME)";
				SWIFT_VERSION = 5.0;
				TARGETED_DEVICE_FAMILY = "1,2";
				TEST_HOST = "$(BUILT_PRODUCTS_DIR)/Kosmos.app/Kosmos";
			};
			name = Release;
		};
		0868571D23474E1D009DA07F /* Debug */ = {
			isa = XCBuildConfiguration;
			baseConfigurationReference = C9568C34B1C1D7CAB59B1144 /* Pods-KosmosUITests.debug.xcconfig */;
			buildSettings = {
				ALWAYS_EMBED_SWIFT_STANDARD_LIBRARIES = YES;
				CODE_SIGN_STYLE = Automatic;
				DEVELOPMENT_TEAM = D4YF34WLDG;
				INFOPLIST_FILE = KosmosUITests/Info.plist;
				LD_RUNPATH_SEARCH_PATHS = (
					"$(inherited)",
					"@executable_path/Frameworks",
					"@loader_path/Frameworks",
				);
				PRODUCT_BUNDLE_IDENTIFIER = com.bitigchi.KosmosUITests;
				PRODUCT_NAME = "$(TARGET_NAME)";
				SWIFT_VERSION = 5.0;
				TARGETED_DEVICE_FAMILY = "1,2";
				TEST_TARGET_NAME = Kosmos;
			};
			name = Debug;
		};
		0868571E23474E1D009DA07F /* Release */ = {
			isa = XCBuildConfiguration;
			baseConfigurationReference = D513AA6AC60E23FA6D1EC9EB /* Pods-KosmosUITests.release.xcconfig */;
			buildSettings = {
				ALWAYS_EMBED_SWIFT_STANDARD_LIBRARIES = YES;
				CODE_SIGN_STYLE = Automatic;
				DEVELOPMENT_TEAM = D4YF34WLDG;
				INFOPLIST_FILE = KosmosUITests/Info.plist;
				LD_RUNPATH_SEARCH_PATHS = (
					"$(inherited)",
					"@executable_path/Frameworks",
					"@loader_path/Frameworks",
				);
				PRODUCT_BUNDLE_IDENTIFIER = com.bitigchi.KosmosUITests;
				PRODUCT_NAME = "$(TARGET_NAME)";
				SWIFT_VERSION = 5.0;
				TARGETED_DEVICE_FAMILY = "1,2";
				TEST_TARGET_NAME = Kosmos;
			};
			name = Release;
		};
/* End XCBuildConfiguration section */

/* Begin XCConfigurationList section */
		086856E423474E1B009DA07F /* Build configuration list for PBXProject "Kosmos" */ = {
			isa = XCConfigurationList;
			buildConfigurations = (
				0868571423474E1D009DA07F /* Debug */,
				0868571523474E1D009DA07F /* Release */,
			);
			defaultConfigurationIsVisible = 0;
			defaultConfigurationName = Release;
		};
		0868571623474E1D009DA07F /* Build configuration list for PBXNativeTarget "Kosmos" */ = {
			isa = XCConfigurationList;
			buildConfigurations = (
				0868571723474E1D009DA07F /* Debug */,
				0868571823474E1D009DA07F /* Release */,
			);
			defaultConfigurationIsVisible = 0;
			defaultConfigurationName = Release;
		};
		0868571923474E1D009DA07F /* Build configuration list for PBXNativeTarget "KosmosTests" */ = {
			isa = XCConfigurationList;
			buildConfigurations = (
				0868571A23474E1D009DA07F /* Debug */,
				0868571B23474E1D009DA07F /* Release */,
			);
			defaultConfigurationIsVisible = 0;
			defaultConfigurationName = Release;
		};
		0868571C23474E1D009DA07F /* Build configuration list for PBXNativeTarget "KosmosUITests" */ = {
			isa = XCConfigurationList;
			buildConfigurations = (
				0868571D23474E1D009DA07F /* Debug */,
				0868571E23474E1D009DA07F /* Release */,
			);
			defaultConfigurationIsVisible = 0;
			defaultConfigurationName = Release;
		};
/* End XCConfigurationList section */

/* Begin XCVersionGroup section */
		086856F523474E1B009DA07F /* Kosmos.xcdatamodeld */ = {
			isa = XCVersionGroup;
			children = (
				086856F623474E1B009DA07F /* Kosmos.xcdatamodel */,
			);
			currentVersion = 086856F623474E1B009DA07F /* Kosmos.xcdatamodel */;
			path = Kosmos.xcdatamodeld;
			sourceTree = "<group>";
			versionGroupType = wrapper.xcdatamodel;
		};
/* End XCVersionGroup section */
	};
	rootObject = 086856E123474E1B009DA07F /* Project object */;
}
